
Microsoft Visual Studio Solution File, Format Version 12.00
# Visual Studio Version 16
VisualStudioVersion = 16.0.31911.196
MinimumVisualStudioVersion = 10.0.40219.1
Project("{FAE04EC0-301F-11D3-BF4B-00C04F79EFBC}") = "CA3Programming", "CA3Programming.csproj", "{F80CE479-3629-45C0-832A-AD7B50907415}"
EndProject
Global
	GlobalSection(SolutionConfigurationPlatforms) = preSolution
		Debug|Any CPU = Debug|Any CPU
		Release|Any CPU = Release|Any CPU
	EndGlobalSection
	GlobalSection(ProjectConfigurationPlatforms) = postSolution
		{F80CE479-3629-45C0-832A-AD7B50907415}.Debug|Any CPU.ActiveCfg = Debug|Any CPU
		{F80CE479-3629-45C0-832A-AD7B50907415}.Debug|Any CPU.Build.0 = Debug|Any CPU
		{F80CE479-3629-45C0-832A-AD7B50907415}.Release|Any CPU.ActiveCfg = Release|Any CPU
		{F80CE479-3629-45C0-832A-AD7B50907415}.Release|Any CPU.Build.0 = Release|Any CPU
	EndGlobalSection
	GlobalSection(SolutionProperties) = preSolution
		HideSolutionNode = FALSE
	EndGlobalSection
	GlobalSection(ExtensibilityGlobals) = postSolution
		SolutionGuid = {97B2C395-AE6C-4607-BC5C-1AE381D4F44C}
	EndGlobalSection
EndGlobal
